
Microsoft Visual Studio Solution File, Format Version 12.00
# Visual Studio Version 16
VisualStudioVersion = 16.0.30323.103
MinimumVisualStudioVersion = 10.0.40219.1
Project("{FAE04EC0-301F-11D3-BF4B-00C04F79EFBC}") = "TestHarness", "TestHarness.csproj", "{28283822-1D5E-4B3F-89DD-97E19AD32216}"
EndProject
Project("{2150E333-8FDC-42A3-9474-1A3956D46DE8}") = "Drivers", "Drivers", "{A5236501-6D4B-459C-B373-64D55F08DDD0}"
EndProject
Project("{2150E333-8FDC-42A3-9474-1A3956D46DE8}") = "Interface", "Interface", "{BA03B213-2BAB-408E-AA5D-BB90042EADBD}"
EndProject
Project("{FAE04EC0-301F-11D3-BF4B-00C04F79EFBC}") = "Driver.HyperXAlloy.RGB", "..\Driver.HyperXAlloy.RGB\Driver.HyperXAlloy.RGB\Driver.HyperXAlloy.RGB.csproj", "{FF7C43DD-E460-4F07-8B2A-7DA9E356B736}"
EndProject
Project("{FAE04EC0-301F-11D3-BF4B-00C04F79EFBC}") = "SimpleLed", "..\Interface\SimpleLed\SimpleLed.csproj", "{EB4729F4-0BF6-41D3-9548-F8C7846A2025}"
EndProject
Project("{FAE04EC0-301F-11D3-BF4B-00C04F79EFBC}") = "Source.SimpleCycle", "..\Source.SimpleCycle\Source.SimpleCycle\Source.SimpleCycle.csproj", "{A7545CBF-E39B-43AF-87DF-8EACA7BCB4B7}"
EndProject
Project("{FAE04EC0-301F-11D3-BF4B-00C04F79EFBC}") = "SteelSeriesSLSProvider", "..\Driver.SteelSeries\SteelSeriesSLSProvider.csproj", "{068617AD-A8E7-40CC-91F4-9235E348C729}"
EndProject
Project("{FAE04EC0-301F-11D3-BF4B-00C04F79EFBC}") = "Source.RainbowWave", "..\Source.RainbowWave\Source.RainbowWave\Source.RainbowWave.csproj", "{D6D11334-A331-4E5D-81CF-4AD21AF2AC72}"
EndProject
Project("{FAE04EC0-301F-11D3-BF4B-00C04F79EFBC}") = "Driver.Corsair", "..\Driver.Corsair\Driver.Corsair\Driver.Corsair.csproj", "{ED307659-03AE-4B53-9580-7491F2C331DC}"
EndProject
Project("{FAE04EC0-301F-11D3-BF4B-00C04F79EFBC}") = "Driver.RGBnet", "..\Driver.RGBNET\Driver.RGBnet\Driver.RGBnet.csproj", "{1910A003-0F1D-4CCA-8CE1-1A626C5AB459}"
EndProject
Global
	GlobalSection(SolutionConfigurationPlatforms) = preSolution
		Debug|Any CPU = Debug|Any CPU
		Release|Any CPU = Release|Any CPU
	EndGlobalSection
	GlobalSection(ProjectConfigurationPlatforms) = postSolution
		{28283822-1D5E-4B3F-89DD-97E19AD32216}.Debug|Any CPU.ActiveCfg = Debug|Any CPU
		{28283822-1D5E-4B3F-89DD-97E19AD32216}.Debug|Any CPU.Build.0 = Debug|Any CPU
		{28283822-1D5E-4B3F-89DD-97E19AD32216}.Release|Any CPU.ActiveCfg = Release|Any CPU
		{28283822-1D5E-4B3F-89DD-97E19AD32216}.Release|Any CPU.Build.0 = Release|Any CPU
		{FF7C43DD-E460-4F07-8B2A-7DA9E356B736}.Debug|Any CPU.ActiveCfg = Debug|Any CPU
		{FF7C43DD-E460-4F07-8B2A-7DA9E356B736}.Debug|Any CPU.Build.0 = Debug|Any CPU
		{FF7C43DD-E460-4F07-8B2A-7DA9E356B736}.Release|Any CPU.ActiveCfg = Release|Any CPU
		{FF7C43DD-E460-4F07-8B2A-7DA9E356B736}.Release|Any CPU.Build.0 = Release|Any CPU
		{EB4729F4-0BF6-41D3-9548-F8C7846A2025}.Debug|Any CPU.ActiveCfg = Debug|Any CPU
		{EB4729F4-0BF6-41D3-9548-F8C7846A2025}.Debug|Any CPU.Build.0 = Debug|Any CPU
		{EB4729F4-0BF6-41D3-9548-F8C7846A2025}.Release|Any CPU.ActiveCfg = Release|Any CPU
		{EB4729F4-0BF6-41D3-9548-F8C7846A2025}.Release|Any CPU.Build.0 = Release|Any CPU
		{A7545CBF-E39B-43AF-87DF-8EACA7BCB4B7}.Debug|Any CPU.ActiveCfg = Debug|Any CPU
		{A7545CBF-E39B-43AF-87DF-8EACA7BCB4B7}.Debug|Any CPU.Build.0 = Debug|Any CPU
		{A7545CBF-E39B-43AF-87DF-8EACA7BCB4B7}.Release|Any CPU.ActiveCfg = Release|Any CPU
		{A7545CBF-E39B-43AF-87DF-8EACA7BCB4B7}.Release|Any CPU.Build.0 = Release|Any CPU
		{068617AD-A8E7-40CC-91F4-9235E348C729}.Debug|Any CPU.ActiveCfg = Debug|Any CPU
		{068617AD-A8E7-40CC-91F4-9235E348C729}.Debug|Any CPU.Build.0 = Debug|Any CPU
		{068617AD-A8E7-40CC-91F4-9235E348C729}.Release|Any CPU.ActiveCfg = Release|Any CPU
		{068617AD-A8E7-40CC-91F4-9235E348C729}.Release|Any CPU.Build.0 = Release|Any CPU
		{D6D11334-A331-4E5D-81CF-4AD21AF2AC72}.Debug|Any CPU.ActiveCfg = Debug|Any CPU
		{D6D11334-A331-4E5D-81CF-4AD21AF2AC72}.Debug|Any CPU.Build.0 = Debug|Any CPU
		{D6D11334-A331-4E5D-81CF-4AD21AF2AC72}.Release|Any CPU.ActiveCfg = Release|Any CPU
		{D6D11334-A331-4E5D-81CF-4AD21AF2AC72}.Release|Any CPU.Build.0 = Release|Any CPU
		{ED307659-03AE-4B53-9580-7491F2C331DC}.Debug|Any CPU.ActiveCfg = Debug|Any CPU
		{ED307659-03AE-4B53-9580-7491F2C331DC}.Debug|Any CPU.Build.0 = Debug|Any CPU
		{ED307659-03AE-4B53-9580-7491F2C331DC}.Release|Any CPU.ActiveCfg = Release|Any CPU
		{ED307659-03AE-4B53-9580-7491F2C331DC}.Release|Any CPU.Build.0 = Release|Any CPU
		{1910A003-0F1D-4CCA-8CE1-1A626C5AB459}.Debug|Any CPU.ActiveCfg = Debug|Any CPU
		{1910A003-0F1D-4CCA-8CE1-1A626C5AB459}.Debug|Any CPU.Build.0 = Debug|Any CPU
		{1910A003-0F1D-4CCA-8CE1-1A626C5AB459}.Release|Any CPU.ActiveCfg = Release|Any CPU
		{1910A003-0F1D-4CCA-8CE1-1A626C5AB459}.Release|Any CPU.Build.0 = Release|Any CPU
	EndGlobalSection
	GlobalSection(SolutionProperties) = preSolution
		HideSolutionNode = FALSE
	EndGlobalSection
	GlobalSection(NestedProjects) = preSolution
		{FF7C43DD-E460-4F07-8B2A-7DA9E356B736} = {A5236501-6D4B-459C-B373-64D55F08DDD0}
		{EB4729F4-0BF6-41D3-9548-F8C7846A2025} = {BA03B213-2BAB-408E-AA5D-BB90042EADBD}
		{A7545CBF-E39B-43AF-87DF-8EACA7BCB4B7} = {A5236501-6D4B-459C-B373-64D55F08DDD0}
		{068617AD-A8E7-40CC-91F4-9235E348C729} = {A5236501-6D4B-459C-B373-64D55F08DDD0}
		{D6D11334-A331-4E5D-81CF-4AD21AF2AC72} = {A5236501-6D4B-459C-B373-64D55F08DDD0}
		{ED307659-03AE-4B53-9580-7491F2C331DC} = {A5236501-6D4B-459C-B373-64D55F08DDD0}
		{1910A003-0F1D-4CCA-8CE1-1A626C5AB459} = {A5236501-6D4B-459C-B373-64D55F08DDD0}
	EndGlobalSection
	GlobalSection(ExtensibilityGlobals) = postSolution
		SolutionGuid = {B819B1C3-1DA8-416B-8623-478DCF243EED}
	EndGlobalSection
EndGlobal
