
Microsoft Visual Studio Solution File, Format Version 12.00
# Visual Studio Version 16
VisualStudioVersion = 16.0.30323.103
MinimumVisualStudioVersion = 10.0.40219.1
Project("{FAE04EC0-301F-11D3-BF4B-00C04F79EFBC}") = "TestHarness", "TestHarness.csproj", "{28283822-1D5E-4B3F-89DD-97E19AD32216}"
EndProject
Project("{2150E333-8FDC-42A3-9474-1A3956D46DE8}") = "Drivers", "Drivers", "{A5236501-6D4B-459C-B373-64D55F08DDD0}"
EndProject
Project("{2150E333-8FDC-42A3-9474-1A3956D46DE8}") = "Interface", "Interface", "{BA03B213-2BAB-408E-AA5D-BB90042EADBD}"
EndProject
Project("{FAE04EC0-301F-11D3-BF4B-00C04F79EFBC}") = "Driver.HyperXAlloy.RGB", "..\Driver.HyperXAlloy.RGB\Driver.HyperXAlloy.RGB\Driver.HyperXAlloy.RGB.csproj", "{FF7C43DD-E460-4F07-8B2A-7DA9E356B736}"
EndProject
Project("{FAE04EC0-301F-11D3-BF4B-00C04F79EFBC}") = "Source.gridripple", "..\Source.gridripple\Source.gridripple\Source.gridripple.csproj", "{C5E77E51-6585-423F-8995-B308E690C59A}"
EndProject
Project("{FAE04EC0-301F-11D3-BF4B-00C04F79EFBC}") = "SimpleLed", "..\Interface\SimpleLed\SimpleLed.csproj", "{EB4729F4-0BF6-41D3-9548-F8C7846A2025}"
EndProject
Project("{FAE04EC0-301F-11D3-BF4B-00C04F79EFBC}") = "Driver.PhillipsHue", "..\Driver.PhillipsHue\Driver.PhillipsHue\Driver.PhillipsHue.csproj", "{6260B4D2-CAA5-4934-AD5F-F0A8A6622AC2}"
EndProject
Project("{FAE04EC0-301F-11D3-BF4B-00C04F79EFBC}") = "Source.SimpleCycle", "..\Source.SimpleCycle\Source.SimpleCycle\Source.SimpleCycle.csproj", "{A7545CBF-E39B-43AF-87DF-8EACA7BCB4B7}"
EndProject
Project("{FAE04EC0-301F-11D3-BF4B-00C04F79EFBC}") = "Driver.Corsair", "..\Driver.Corsair\Driver.Corsair\Driver.Corsair.csproj", "{ED307659-03AE-4B53-9580-7491F2C331DC}"
EndProject
Project("{9A19103F-16F7-4668-BE54-9A1E7A4F7556}") = "Q42.HueApi", "..\Driver.PhillipsHue\Driver.PhillipsHue\Libs\Q42.HueApi\Q42.HueApi.csproj", "{E6163E45-E19A-4B83-A31D-D1C4A8738F1F}"
EndProject
Project("{9A19103F-16F7-4668-BE54-9A1E7A4F7556}") = "Q42.HueApi.Streaming", "..\Driver.PhillipsHue\Driver.PhillipsHue\Libs\Q42.Streaming\Q42.HueApi.Streaming.csproj", "{B8A2BC0A-CBC6-4E07-9349-38D4B5E1A05E}"
EndProject
Project("{9A19103F-16F7-4668-BE54-9A1E7A4F7556}") = "Q42.HueApi.ColorConverters", "..\Driver.PhillipsHue\Driver.PhillipsHue\Libs\Q42.HueApi.ColorConverters\Q42.HueApi.ColorConverters.csproj", "{F03C29FB-32D4-4185-8DF0-205B9B8E0F19}"
EndProject
Global
	GlobalSection(SolutionConfigurationPlatforms) = preSolution
		Debug|Any CPU = Debug|Any CPU
		Release|Any CPU = Release|Any CPU
	EndGlobalSection
	GlobalSection(ProjectConfigurationPlatforms) = postSolution
		{28283822-1D5E-4B3F-89DD-97E19AD32216}.Debug|Any CPU.ActiveCfg = Debug|Any CPU
		{28283822-1D5E-4B3F-89DD-97E19AD32216}.Debug|Any CPU.Build.0 = Debug|Any CPU
		{28283822-1D5E-4B3F-89DD-97E19AD32216}.Release|Any CPU.ActiveCfg = Release|Any CPU
		{28283822-1D5E-4B3F-89DD-97E19AD32216}.Release|Any CPU.Build.0 = Release|Any CPU
		{FF7C43DD-E460-4F07-8B2A-7DA9E356B736}.Debug|Any CPU.ActiveCfg = Debug|Any CPU
		{FF7C43DD-E460-4F07-8B2A-7DA9E356B736}.Debug|Any CPU.Build.0 = Debug|Any CPU
		{FF7C43DD-E460-4F07-8B2A-7DA9E356B736}.Release|Any CPU.ActiveCfg = Release|Any CPU
		{FF7C43DD-E460-4F07-8B2A-7DA9E356B736}.Release|Any CPU.Build.0 = Release|Any CPU
		{C5E77E51-6585-423F-8995-B308E690C59A}.Debug|Any CPU.ActiveCfg = Debug|Any CPU
		{C5E77E51-6585-423F-8995-B308E690C59A}.Debug|Any CPU.Build.0 = Debug|Any CPU
		{C5E77E51-6585-423F-8995-B308E690C59A}.Release|Any CPU.ActiveCfg = Release|Any CPU
		{C5E77E51-6585-423F-8995-B308E690C59A}.Release|Any CPU.Build.0 = Release|Any CPU
		{EB4729F4-0BF6-41D3-9548-F8C7846A2025}.Debug|Any CPU.ActiveCfg = Debug|Any CPU
		{EB4729F4-0BF6-41D3-9548-F8C7846A2025}.Debug|Any CPU.Build.0 = Debug|Any CPU
		{EB4729F4-0BF6-41D3-9548-F8C7846A2025}.Release|Any CPU.ActiveCfg = Release|Any CPU
		{EB4729F4-0BF6-41D3-9548-F8C7846A2025}.Release|Any CPU.Build.0 = Release|Any CPU
		{6260B4D2-CAA5-4934-AD5F-F0A8A6622AC2}.Debug|Any CPU.ActiveCfg = Debug|Any CPU
		{6260B4D2-CAA5-4934-AD5F-F0A8A6622AC2}.Debug|Any CPU.Build.0 = Debug|Any CPU
		{6260B4D2-CAA5-4934-AD5F-F0A8A6622AC2}.Release|Any CPU.ActiveCfg = Release|Any CPU
		{6260B4D2-CAA5-4934-AD5F-F0A8A6622AC2}.Release|Any CPU.Build.0 = Release|Any CPU
		{A7545CBF-E39B-43AF-87DF-8EACA7BCB4B7}.Debug|Any CPU.ActiveCfg = Debug|Any CPU
		{A7545CBF-E39B-43AF-87DF-8EACA7BCB4B7}.Debug|Any CPU.Build.0 = Debug|Any CPU
		{A7545CBF-E39B-43AF-87DF-8EACA7BCB4B7}.Release|Any CPU.ActiveCfg = Release|Any CPU
		{A7545CBF-E39B-43AF-87DF-8EACA7BCB4B7}.Release|Any CPU.Build.0 = Release|Any CPU
		{ED307659-03AE-4B53-9580-7491F2C331DC}.Debug|Any CPU.ActiveCfg = Debug|Any CPU
		{ED307659-03AE-4B53-9580-7491F2C331DC}.Debug|Any CPU.Build.0 = Debug|Any CPU
		{ED307659-03AE-4B53-9580-7491F2C331DC}.Release|Any CPU.ActiveCfg = Release|Any CPU
		{ED307659-03AE-4B53-9580-7491F2C331DC}.Release|Any CPU.Build.0 = Release|Any CPU
		{E6163E45-E19A-4B83-A31D-D1C4A8738F1F}.Debug|Any CPU.ActiveCfg = Debug|Any CPU
		{E6163E45-E19A-4B83-A31D-D1C4A8738F1F}.Debug|Any CPU.Build.0 = Debug|Any CPU
		{E6163E45-E19A-4B83-A31D-D1C4A8738F1F}.Release|Any CPU.ActiveCfg = Release|Any CPU
		{E6163E45-E19A-4B83-A31D-D1C4A8738F1F}.Release|Any CPU.Build.0 = Release|Any CPU
		{B8A2BC0A-CBC6-4E07-9349-38D4B5E1A05E}.Debug|Any CPU.ActiveCfg = Debug|Any CPU
		{B8A2BC0A-CBC6-4E07-9349-38D4B5E1A05E}.Debug|Any CPU.Build.0 = Debug|Any CPU
		{B8A2BC0A-CBC6-4E07-9349-38D4B5E1A05E}.Release|Any CPU.ActiveCfg = Release|Any CPU
		{B8A2BC0A-CBC6-4E07-9349-38D4B5E1A05E}.Release|Any CPU.Build.0 = Release|Any CPU
		{F03C29FB-32D4-4185-8DF0-205B9B8E0F19}.Debug|Any CPU.ActiveCfg = Debug|Any CPU
		{F03C29FB-32D4-4185-8DF0-205B9B8E0F19}.Debug|Any CPU.Build.0 = Debug|Any CPU
		{F03C29FB-32D4-4185-8DF0-205B9B8E0F19}.Release|Any CPU.ActiveCfg = Release|Any CPU
		{F03C29FB-32D4-4185-8DF0-205B9B8E0F19}.Release|Any CPU.Build.0 = Release|Any CPU
	EndGlobalSection
	GlobalSection(SolutionProperties) = preSolution
		HideSolutionNode = FALSE
	EndGlobalSection
	GlobalSection(NestedProjects) = preSolution
		{FF7C43DD-E460-4F07-8B2A-7DA9E356B736} = {A5236501-6D4B-459C-B373-64D55F08DDD0}
		{C5E77E51-6585-423F-8995-B308E690C59A} = {A5236501-6D4B-459C-B373-64D55F08DDD0}
		{EB4729F4-0BF6-41D3-9548-F8C7846A2025} = {BA03B213-2BAB-408E-AA5D-BB90042EADBD}
		{6260B4D2-CAA5-4934-AD5F-F0A8A6622AC2} = {A5236501-6D4B-459C-B373-64D55F08DDD0}
		{A7545CBF-E39B-43AF-87DF-8EACA7BCB4B7} = {A5236501-6D4B-459C-B373-64D55F08DDD0}
		{ED307659-03AE-4B53-9580-7491F2C331DC} = {A5236501-6D4B-459C-B373-64D55F08DDD0}
		{E6163E45-E19A-4B83-A31D-D1C4A8738F1F} = {A5236501-6D4B-459C-B373-64D55F08DDD0}
		{B8A2BC0A-CBC6-4E07-9349-38D4B5E1A05E} = {A5236501-6D4B-459C-B373-64D55F08DDD0}
		{F03C29FB-32D4-4185-8DF0-205B9B8E0F19} = {A5236501-6D4B-459C-B373-64D55F08DDD0}
	EndGlobalSection
	GlobalSection(ExtensibilityGlobals) = postSolution
		SolutionGuid = {B819B1C3-1DA8-416B-8623-478DCF243EED}
	EndGlobalSection
EndGlobal
